
Microsoft Visual Studio Solution File, Format Version 12.00
# Visual Studio Version 17
VisualStudioVersion = 17.0.31903.59
MinimumVisualStudioVersion = 10.0.40219.1
Project("{FAE04EC0-301F-11D3-BF4B-00C04F79EFBC}") = "Application", "Application\Application.csproj", "{B8F0D44E-F314-4735-B16D-5CFA7B89E514}"
EndProject
Project("{FAE04EC0-301F-11D3-BF4B-00C04F79EFBC}") = "Persistence", "Persistence\Persistence.csproj", "{60DED17D-21D0-41B8-9FFD-37F5FADB1443}"
EndProject
Project("{FAE04EC0-301F-11D3-BF4B-00C04F79EFBC}") = "Domain", "Domain\Domain.csproj", "{C1B46E2D-AC14-43C0-AE02-7A726B798499}"
EndProject
Project("{FAE04EC0-301F-11D3-BF4B-00C04F79EFBC}") = "API", "API\API.csproj", "{523FA744-8149-43DE-B32D-3052B454272E}"
EndProject
Global
	GlobalSection(SolutionConfigurationPlatforms) = preSolution
		Debug|Any CPU = Debug|Any CPU
		Debug|x64 = Debug|x64
		Debug|x86 = Debug|x86
		Release|Any CPU = Release|Any CPU
		Release|x64 = Release|x64
		Release|x86 = Release|x86
	EndGlobalSection
	GlobalSection(ProjectConfigurationPlatforms) = postSolution
		{B8F0D44E-F314-4735-B16D-5CFA7B89E514}.Debug|Any CPU.ActiveCfg = Debug|Any CPU
		{B8F0D44E-F314-4735-B16D-5CFA7B89E514}.Debug|Any CPU.Build.0 = Debug|Any CPU
		{B8F0D44E-F314-4735-B16D-5CFA7B89E514}.Debug|x64.ActiveCfg = Debug|Any CPU
		{B8F0D44E-F314-4735-B16D-5CFA7B89E514}.Debug|x64.Build.0 = Debug|Any CPU
		{B8F0D44E-F314-4735-B16D-5CFA7B89E514}.Debug|x86.ActiveCfg = Debug|Any CPU
		{B8F0D44E-F314-4735-B16D-5CFA7B89E514}.Debug|x86.Build.0 = Debug|Any CPU
		{B8F0D44E-F314-4735-B16D-5CFA7B89E514}.Release|Any CPU.ActiveCfg = Release|Any CPU
		{B8F0D44E-F314-4735-B16D-5CFA7B89E514}.Release|Any CPU.Build.0 = Release|Any CPU
		{B8F0D44E-F314-4735-B16D-5CFA7B89E514}.Release|x64.ActiveCfg = Release|Any CPU
		{B8F0D44E-F314-4735-B16D-5CFA7B89E514}.Release|x64.Build.0 = Release|Any CPU
		{B8F0D44E-F314-4735-B16D-5CFA7B89E514}.Release|x86.ActiveCfg = Release|Any CPU
		{B8F0D44E-F314-4735-B16D-5CFA7B89E514}.Release|x86.Build.0 = Release|Any CPU
		{60DED17D-21D0-41B8-9FFD-37F5FADB1443}.Debug|Any CPU.ActiveCfg = Debug|Any CPU
		{60DED17D-21D0-41B8-9FFD-37F5FADB1443}.Debug|Any CPU.Build.0 = Debug|Any CPU
		{60DED17D-21D0-41B8-9FFD-37F5FADB1443}.Debug|x64.ActiveCfg = Debug|Any CPU
		{60DED17D-21D0-41B8-9FFD-37F5FADB1443}.Debug|x64.Build.0 = Debug|Any CPU
		{60DED17D-21D0-41B8-9FFD-37F5FADB1443}.Debug|x86.ActiveCfg = Debug|Any CPU
		{60DED17D-21D0-41B8-9FFD-37F5FADB1443}.Debug|x86.Build.0 = Debug|Any CPU
		{60DED17D-21D0-41B8-9FFD-37F5FADB1443}.Release|Any CPU.ActiveCfg = Release|Any CPU
		{60DED17D-21D0-41B8-9FFD-37F5FADB1443}.Release|Any CPU.Build.0 = Release|Any CPU
		{60DED17D-21D0-41B8-9FFD-37F5FADB1443}.Release|x64.ActiveCfg = Release|Any CPU
		{60DED17D-21D0-41B8-9FFD-37F5FADB1443}.Release|x64.Build.0 = Release|Any CPU
		{60DED17D-21D0-41B8-9FFD-37F5FADB1443}.Release|x86.ActiveCfg = Release|Any CPU
		{60DED17D-21D0-41B8-9FFD-37F5FADB1443}.Release|x86.Build.0 = Release|Any CPU
		{C1B46E2D-AC14-43C0-AE02-7A726B798499}.Debug|Any CPU.ActiveCfg = Debug|Any CPU
		{C1B46E2D-AC14-43C0-AE02-7A726B798499}.Debug|Any CPU.Build.0 = Debug|Any CPU
		{C1B46E2D-AC14-43C0-AE02-7A726B798499}.Debug|x64.ActiveCfg = Debug|Any CPU
		{C1B46E2D-AC14-43C0-AE02-7A726B798499}.Debug|x64.Build.0 = Debug|Any CPU
		{C1B46E2D-AC14-43C0-AE02-7A726B798499}.Debug|x86.ActiveCfg = Debug|Any CPU
		{C1B46E2D-AC14-43C0-AE02-7A726B798499}.Debug|x86.Build.0 = Debug|Any CPU
		{C1B46E2D-AC14-43C0-AE02-7A726B798499}.Release|Any CPU.ActiveCfg = Release|Any CPU
		{C1B46E2D-AC14-43C0-AE02-7A726B798499}.Release|Any CPU.Build.0 = Release|Any CPU
		{C1B46E2D-AC14-43C0-AE02-7A726B798499}.Release|x64.ActiveCfg = Release|Any CPU
		{C1B46E2D-AC14-43C0-AE02-7A726B798499}.Release|x64.Build.0 = Release|Any CPU
		{C1B46E2D-AC14-43C0-AE02-7A726B798499}.Release|x86.ActiveCfg = Release|Any CPU
		{C1B46E2D-AC14-43C0-AE02-7A726B798499}.Release|x86.Build.0 = Release|Any CPU
		{523FA744-8149-43DE-B32D-3052B454272E}.Debug|Any CPU.ActiveCfg = Debug|Any CPU
		{523FA744-8149-43DE-B32D-3052B454272E}.Debug|Any CPU.Build.0 = Debug|Any CPU
		{523FA744-8149-43DE-B32D-3052B454272E}.Debug|x64.ActiveCfg = Debug|Any CPU
		{523FA744-8149-43DE-B32D-3052B454272E}.Debug|x64.Build.0 = Debug|Any CPU
		{523FA744-8149-43DE-B32D-3052B454272E}.Debug|x86.ActiveCfg = Debug|Any CPU
		{523FA744-8149-43DE-B32D-3052B454272E}.Debug|x86.Build.0 = Debug|Any CPU
		{523FA744-8149-43DE-B32D-3052B454272E}.Release|Any CPU.ActiveCfg = Release|Any CPU
		{523FA744-8149-43DE-B32D-3052B454272E}.Release|Any CPU.Build.0 = Release|Any CPU
		{523FA744-8149-43DE-B32D-3052B454272E}.Release|x64.ActiveCfg = Release|Any CPU
		{523FA744-8149-43DE-B32D-3052B454272E}.Release|x64.Build.0 = Release|Any CPU
		{523FA744-8149-43DE-B32D-3052B454272E}.Release|x86.ActiveCfg = Release|Any CPU
		{523FA744-8149-43DE-B32D-3052B454272E}.Release|x86.Build.0 = Release|Any CPU
	EndGlobalSection
	GlobalSection(SolutionProperties) = preSolution
		HideSolutionNode = FALSE
	EndGlobalSection
EndGlobal
